
Microsoft Visual Studio Solution File, Format Version 12.00
# Visual Studio Version 17
VisualStudioVersion = 17.14.36511.14
MinimumVisualStudioVersion = 10.0.40219.1
Project("{FAE04EC0-301F-11D3-BF4B-00C04F79EFBC}") = "HouseholdManager", "HouseholdManager\HouseholdManager.csproj", "{75548D5C-69EA-44CC-A896-31AFF93C9272}"
EndProject
Project("{FAE04EC0-301F-11D3-BF4B-00C04F79EFBC}") = "HouseholdManager.Tests", "HouseholdManager.Tests\HouseholdManager.Tests.csproj", "{4AB35E22-AE9C-4D9C-9726-26924A539383}"
EndProject
Project("{FAE04EC0-301F-11D3-BF4B-00C04F79EFBC}") = "HouseholdManager.Domain", "src\HouseholdManager.Domain\HouseholdManager.Domain.csproj", "{F1A82356-E9E7-4BA5-B64F-D52FBD86E9E3}"
EndProject
Project("{FAE04EC0-301F-11D3-BF4B-00C04F79EFBC}") = "HouseholdManager.Infrastructure", "src\HouseholdManager.Infrastructure\HouseholdManager.Infrastructure.csproj", "{3F5F2315-3B83-4230-8B55-12824B611C44}"
EndProject
Project("{FAE04EC0-301F-11D3-BF4B-00C04F79EFBC}") = "HouseholdManager.Application", "src\HouseholdManager.Application\HouseholdManager.Application.csproj", "{BF8079EA-55FD-44EF-B6A6-505E87FC532E}"
EndProject
Project("{FAE04EC0-301F-11D3-BF4B-00C04F79EFBC}") = "HouseholdManager.Api", "src\HouseholdManager.Api\HouseholdManager.Api.csproj", "{9F28E361-599B-434B-B75F-B94D68355E71}"
EndProject
Project("{2150E333-8FDC-42A3-9474-1A3956D46DE8}") = "tests", "tests", "{02EA681E-C7D8-13C7-8484-4AC65E1B71E8}"
EndProject
Project("{FAE04EC0-301F-11D3-BF4B-00C04F79EFBC}") = "HouseholdManager.Application.Tests", "tests\HouseholdManager.Application.Tests\HouseholdManager.Application.Tests.csproj", "{E753354A-97EF-4268-82B3-EB2009358D24}"
EndProject
Global
	GlobalSection(SolutionConfigurationPlatforms) = preSolution
		Debug|Any CPU = Debug|Any CPU
		Release|Any CPU = Release|Any CPU
	EndGlobalSection
	GlobalSection(ProjectConfigurationPlatforms) = postSolution
		{75548D5C-69EA-44CC-A896-31AFF93C9272}.Debug|Any CPU.ActiveCfg = Debug|Any CPU
		{75548D5C-69EA-44CC-A896-31AFF93C9272}.Debug|Any CPU.Build.0 = Debug|Any CPU
		{75548D5C-69EA-44CC-A896-31AFF93C9272}.Release|Any CPU.ActiveCfg = Release|Any CPU
		{75548D5C-69EA-44CC-A896-31AFF93C9272}.Release|Any CPU.Build.0 = Release|Any CPU
		{4AB35E22-AE9C-4D9C-9726-26924A539383}.Debug|Any CPU.ActiveCfg = Debug|Any CPU
		{4AB35E22-AE9C-4D9C-9726-26924A539383}.Debug|Any CPU.Build.0 = Debug|Any CPU
		{4AB35E22-AE9C-4D9C-9726-26924A539383}.Release|Any CPU.ActiveCfg = Release|Any CPU
		{4AB35E22-AE9C-4D9C-9726-26924A539383}.Release|Any CPU.Build.0 = Release|Any CPU
		{F1A82356-E9E7-4BA5-B64F-D52FBD86E9E3}.Debug|Any CPU.ActiveCfg = Debug|Any CPU
		{F1A82356-E9E7-4BA5-B64F-D52FBD86E9E3}.Debug|Any CPU.Build.0 = Debug|Any CPU
		{F1A82356-E9E7-4BA5-B64F-D52FBD86E9E3}.Release|Any CPU.ActiveCfg = Release|Any CPU
		{F1A82356-E9E7-4BA5-B64F-D52FBD86E9E3}.Release|Any CPU.Build.0 = Release|Any CPU
		{3F5F2315-3B83-4230-8B55-12824B611C44}.Debug|Any CPU.ActiveCfg = Debug|Any CPU
		{3F5F2315-3B83-4230-8B55-12824B611C44}.Debug|Any CPU.Build.0 = Debug|Any CPU
		{3F5F2315-3B83-4230-8B55-12824B611C44}.Release|Any CPU.ActiveCfg = Release|Any CPU
		{3F5F2315-3B83-4230-8B55-12824B611C44}.Release|Any CPU.Build.0 = Release|Any CPU
		{BF8079EA-55FD-44EF-B6A6-505E87FC532E}.Debug|Any CPU.ActiveCfg = Debug|Any CPU
		{BF8079EA-55FD-44EF-B6A6-505E87FC532E}.Debug|Any CPU.Build.0 = Debug|Any CPU
		{BF8079EA-55FD-44EF-B6A6-505E87FC532E}.Release|Any CPU.ActiveCfg = Release|Any CPU
		{BF8079EA-55FD-44EF-B6A6-505E87FC532E}.Release|Any CPU.Build.0 = Release|Any CPU
		{9F28E361-599B-434B-B75F-B94D68355E71}.Debug|Any CPU.ActiveCfg = Debug|Any CPU
		{9F28E361-599B-434B-B75F-B94D68355E71}.Debug|Any CPU.Build.0 = Debug|Any CPU
		{9F28E361-599B-434B-B75F-B94D68355E71}.Release|Any CPU.ActiveCfg = Release|Any CPU
		{9F28E361-599B-434B-B75F-B94D68355E71}.Release|Any CPU.Build.0 = Release|Any CPU
		{E753354A-97EF-4268-82B3-EB2009358D24}.Debug|Any CPU.ActiveCfg = Debug|Any CPU
		{E753354A-97EF-4268-82B3-EB2009358D24}.Debug|Any CPU.Build.0 = Debug|Any CPU
		{E753354A-97EF-4268-82B3-EB2009358D24}.Release|Any CPU.ActiveCfg = Release|Any CPU
		{E753354A-97EF-4268-82B3-EB2009358D24}.Release|Any CPU.Build.0 = Release|Any CPU
	EndGlobalSection
	GlobalSection(SolutionProperties) = preSolution
		HideSolutionNode = FALSE
	EndGlobalSection
	GlobalSection(NestedProjects) = preSolution
		{E753354A-97EF-4268-82B3-EB2009358D24} = {02EA681E-C7D8-13C7-8484-4AC65E1B71E8}
	EndGlobalSection
	GlobalSection(ExtensibilityGlobals) = postSolution
		SolutionGuid = {60CB8517-297A-4BC9-B959-DC1711BB20CB}
	EndGlobalSection
EndGlobal
